{
  "originHash" : "7273f06bb48e0f99a3faa105fad105800bd618e40a7e3a228ba14adbbdfac3ba",
  "pins" : [
    {
      "identity" : "ffuitool",
      "kind" : "remoteSourceControl",
      "location" : "https://github.com/caochengfei/FFUITool.git",
      "state" : {
        "revision" : "350612ba0502d6dc73dcf46570c20f4fe1cea18f",
        "version" : "0.2.2"
      }
    },
    {
      "identity" : "rxswift",
      "kind" : "remoteSourceControl",
      "location" : "https://github.com/ReactiveX/RxSwift.git",
      "state" : {
        "revision" : "b06a8c8596e4c3e8e7788e08e720e3248563ce6a",
        "version" : "6.7.1"
      }
    },
    {
      "identity" : "snapkit",
      "kind" : "remoteSourceControl",
      "location" : "https://github.com/SnapKit/SnapKit.git",
      "state" : {
        "revision" : "2842e6e84e82eb9a8dac0100ca90d9444b0307f4",
        "version" : "5.7.1"
      }
    }
  ],
  "version" : 3
}
